
Microsoft Visual Studio Solution File, Format Version 12.00
# Visual Studio 15
VisualStudioVersion = 15.0.26430.6
MinimumVisualStudioVersion = 10.0.40219.1
Project("{FAE04EC0-301F-11D3-BF4B-00C04F79EFBC}") = "calendario.Android", "calendario\calendario.Android\calendario.Android.csproj", "{3F3725B3-5B14-4596-9575-D288B2D64150}"
EndProject
Project("{FAE04EC0-301F-11D3-BF4B-00C04F79EFBC}") = "calendario", "calendario\calendario\calendario.csproj", "{8A2B7A53-A444-4AC5-9DD4-F41AED38858C}"
EndProject
Project("{FAE04EC0-301F-11D3-BF4B-00C04F79EFBC}") = "calendario.iOS", "calendario\calendario.iOS\calendario.iOS.csproj", "{9739ED01-B4BE-4918-8AE5-A00E2E5D934F}"
EndProject
Global
	GlobalSection(SolutionConfigurationPlatforms) = preSolution
		Ad-Hoc|Any CPU = Ad-Hoc|Any CPU
		Ad-Hoc|iPhone = Ad-Hoc|iPhone
		Ad-Hoc|iPhoneSimulator = Ad-Hoc|iPhoneSimulator
		AppStore|Any CPU = AppStore|Any CPU
		AppStore|iPhone = AppStore|iPhone
		AppStore|iPhoneSimulator = AppStore|iPhoneSimulator
		Debug|Any CPU = Debug|Any CPU
		Debug|iPhone = Debug|iPhone
		Debug|iPhoneSimulator = Debug|iPhoneSimulator
		Release|Any CPU = Release|Any CPU
		Release|iPhone = Release|iPhone
		Release|iPhoneSimulator = Release|iPhoneSimulator
	EndGlobalSection
	GlobalSection(ProjectConfigurationPlatforms) = postSolution
		{3F3725B3-5B14-4596-9575-D288B2D64150}.Ad-Hoc|Any CPU.ActiveCfg = Release|Any CPU
		{3F3725B3-5B14-4596-9575-D288B2D64150}.Ad-Hoc|Any CPU.Build.0 = Release|Any CPU
		{3F3725B3-5B14-4596-9575-D288B2D64150}.Ad-Hoc|Any CPU.Deploy.0 = Release|Any CPU
		{3F3725B3-5B14-4596-9575-D288B2D64150}.Ad-Hoc|iPhone.ActiveCfg = Release|Any CPU
		{3F3725B3-5B14-4596-9575-D288B2D64150}.Ad-Hoc|iPhone.Build.0 = Release|Any CPU
		{3F3725B3-5B14-4596-9575-D288B2D64150}.Ad-Hoc|iPhone.Deploy.0 = Release|Any CPU
		{3F3725B3-5B14-4596-9575-D288B2D64150}.Ad-Hoc|iPhoneSimulator.ActiveCfg = Release|Any CPU
		{3F3725B3-5B14-4596-9575-D288B2D64150}.Ad-Hoc|iPhoneSimulator.Build.0 = Release|Any CPU
		{3F3725B3-5B14-4596-9575-D288B2D64150}.Ad-Hoc|iPhoneSimulator.Deploy.0 = Release|Any CPU
		{3F3725B3-5B14-4596-9575-D288B2D64150}.AppStore|Any CPU.ActiveCfg = Release|Any CPU
		{3F3725B3-5B14-4596-9575-D288B2D64150}.AppStore|Any CPU.Build.0 = Release|Any CPU
		{3F3725B3-5B14-4596-9575-D288B2D64150}.AppStore|Any CPU.Deploy.0 = Release|Any CPU
		{3F3725B3-5B14-4596-9575-D288B2D64150}.AppStore|iPhone.ActiveCfg = Release|Any CPU
		{3F3725B3-5B14-4596-9575-D288B2D64150}.AppStore|iPhone.Build.0 = Release|Any CPU
		{3F3725B3-5B14-4596-9575-D288B2D64150}.AppStore|iPhone.Deploy.0 = Release|Any CPU
		{3F3725B3-5B14-4596-9575-D288B2D64150}.AppStore|iPhoneSimulator.ActiveCfg = Release|Any CPU
		{3F3725B3-5B14-4596-9575-D288B2D64150}.AppStore|iPhoneSimulator.Build.0 = Release|Any CPU
		{3F3725B3-5B14-4596-9575-D288B2D64150}.AppStore|iPhoneSimulator.Deploy.0 = Release|Any CPU
		{3F3725B3-5B14-4596-9575-D288B2D64150}.Debug|Any CPU.ActiveCfg = Debug|Any CPU
		{3F3725B3-5B14-4596-9575-D288B2D64150}.Debug|Any CPU.Build.0 = Debug|Any CPU
		{3F3725B3-5B14-4596-9575-D288B2D64150}.Debug|Any CPU.Deploy.0 = Debug|Any CPU
		{3F3725B3-5B14-4596-9575-D288B2D64150}.Debug|iPhone.ActiveCfg = Debug|Any CPU
		{3F3725B3-5B14-4596-9575-D288B2D64150}.Debug|iPhone.Build.0 = Debug|Any CPU
		{3F3725B3-5B14-4596-9575-D288B2D64150}.Debug|iPhone.Deploy.0 = Debug|Any CPU
		{3F3725B3-5B14-4596-9575-D288B2D64150}.Debug|iPhoneSimulator.ActiveCfg = Debug|Any CPU
		{3F3725B3-5B14-4596-9575-D288B2D64150}.Debug|iPhoneSimulator.Build.0 = Debug|Any CPU
		{3F3725B3-5B14-4596-9575-D288B2D64150}.Debug|iPhoneSimulator.Deploy.0 = Debug|Any CPU
		{3F3725B3-5B14-4596-9575-D288B2D64150}.Release|Any CPU.ActiveCfg = Release|Any CPU
		{3F3725B3-5B14-4596-9575-D288B2D64150}.Release|Any CPU.Build.0 = Release|Any CPU
		{3F3725B3-5B14-4596-9575-D288B2D64150}.Release|Any CPU.Deploy.0 = Release|Any CPU
		{3F3725B3-5B14-4596-9575-D288B2D64150}.Release|iPhone.ActiveCfg = Release|Any CPU
		{3F3725B3-5B14-4596-9575-D288B2D64150}.Release|iPhone.Build.0 = Release|Any CPU
		{3F3725B3-5B14-4596-9575-D288B2D64150}.Release|iPhone.Deploy.0 = Release|Any CPU
		{3F3725B3-5B14-4596-9575-D288B2D64150}.Release|iPhoneSimulator.ActiveCfg = Release|Any CPU
		{3F3725B3-5B14-4596-9575-D288B2D64150}.Release|iPhoneSimulator.Build.0 = Release|Any CPU
		{3F3725B3-5B14-4596-9575-D288B2D64150}.Release|iPhoneSimulator.Deploy.0 = Release|Any CPU
		{8A2B7A53-A444-4AC5-9DD4-F41AED38858C}.Ad-Hoc|Any CPU.ActiveCfg = Release|Any CPU
		{8A2B7A53-A444-4AC5-9DD4-F41AED38858C}.Ad-Hoc|Any CPU.Build.0 = Release|Any CPU
		{8A2B7A53-A444-4AC5-9DD4-F41AED38858C}.Ad-Hoc|iPhone.ActiveCfg = Release|Any CPU
		{8A2B7A53-A444-4AC5-9DD4-F41AED38858C}.Ad-Hoc|iPhone.Build.0 = Release|Any CPU
		{8A2B7A53-A444-4AC5-9DD4-F41AED38858C}.Ad-Hoc|iPhoneSimulator.ActiveCfg = Release|Any CPU
		{8A2B7A53-A444-4AC5-9DD4-F41AED38858C}.Ad-Hoc|iPhoneSimulator.Build.0 = Release|Any CPU
		{8A2B7A53-A444-4AC5-9DD4-F41AED38858C}.AppStore|Any CPU.ActiveCfg = Release|Any CPU
		{8A2B7A53-A444-4AC5-9DD4-F41AED38858C}.AppStore|Any CPU.Build.0 = Release|Any CPU
		{8A2B7A53-A444-4AC5-9DD4-F41AED38858C}.AppStore|iPhone.ActiveCfg = Release|Any CPU
		{8A2B7A53-A444-4AC5-9DD4-F41AED38858C}.AppStore|iPhone.Build.0 = Release|Any CPU
		{8A2B7A53-A444-4AC5-9DD4-F41AED38858C}.AppStore|iPhoneSimulator.ActiveCfg = Release|Any CPU
		{8A2B7A53-A444-4AC5-9DD4-F41AED38858C}.AppStore|iPhoneSimulator.Build.0 = Release|Any CPU
		{8A2B7A53-A444-4AC5-9DD4-F41AED38858C}.Debug|Any CPU.ActiveCfg = Debug|Any CPU
		{8A2B7A53-A444-4AC5-9DD4-F41AED38858C}.Debug|Any CPU.Build.0 = Debug|Any CPU
		{8A2B7A53-A444-4AC5-9DD4-F41AED38858C}.Debug|iPhone.ActiveCfg = Debug|Any CPU
		{8A2B7A53-A444-4AC5-9DD4-F41AED38858C}.Debug|iPhone.Build.0 = Debug|Any CPU
		{8A2B7A53-A444-4AC5-9DD4-F41AED38858C}.Debug|iPhoneSimulator.ActiveCfg = Debug|Any CPU
		{8A2B7A53-A444-4AC5-9DD4-F41AED38858C}.Debug|iPhoneSimulator.Build.0 = Debug|Any CPU
		{8A2B7A53-A444-4AC5-9DD4-F41AED38858C}.Release|Any CPU.ActiveCfg = Release|Any CPU
		{8A2B7A53-A444-4AC5-9DD4-F41AED38858C}.Release|Any CPU.Build.0 = Release|Any CPU
		{8A2B7A53-A444-4AC5-9DD4-F41AED38858C}.Release|iPhone.ActiveCfg = Release|Any CPU
		{8A2B7A53-A444-4AC5-9DD4-F41AED38858C}.Release|iPhone.Build.0 = Release|Any CPU
		{8A2B7A53-A444-4AC5-9DD4-F41AED38858C}.Release|iPhoneSimulator.ActiveCfg = Release|Any CPU
		{8A2B7A53-A444-4AC5-9DD4-F41AED38858C}.Release|iPhoneSimulator.Build.0 = Release|Any CPU
		{9739ED01-B4BE-4918-8AE5-A00E2E5D934F}.Ad-Hoc|Any CPU.ActiveCfg = Ad-Hoc|iPhone
		{9739ED01-B4BE-4918-8AE5-A00E2E5D934F}.Ad-Hoc|iPhone.ActiveCfg = Ad-Hoc|iPhone
		{9739ED01-B4BE-4918-8AE5-A00E2E5D934F}.Ad-Hoc|iPhone.Build.0 = Ad-Hoc|iPhone
		{9739ED01-B4BE-4918-8AE5-A00E2E5D934F}.Ad-Hoc|iPhoneSimulator.ActiveCfg = Ad-Hoc|iPhoneSimulator
		{9739ED01-B4BE-4918-8AE5-A00E2E5D934F}.Ad-Hoc|iPhoneSimulator.Build.0 = Ad-Hoc|iPhoneSimulator
		{9739ED01-B4BE-4918-8AE5-A00E2E5D934F}.AppStore|Any CPU.ActiveCfg = AppStore|iPhone
		{9739ED01-B4BE-4918-8AE5-A00E2E5D934F}.AppStore|iPhone.ActiveCfg = AppStore|iPhone
		{9739ED01-B4BE-4918-8AE5-A00E2E5D934F}.AppStore|iPhone.Build.0 = AppStore|iPhone
		{9739ED01-B4BE-4918-8AE5-A00E2E5D934F}.AppStore|iPhoneSimulator.ActiveCfg = AppStore|iPhoneSimulator
		{9739ED01-B4BE-4918-8AE5-A00E2E5D934F}.AppStore|iPhoneSimulator.Build.0 = AppStore|iPhoneSimulator
		{9739ED01-B4BE-4918-8AE5-A00E2E5D934F}.Debug|Any CPU.ActiveCfg = Debug|iPhone
		{9739ED01-B4BE-4918-8AE5-A00E2E5D934F}.Debug|iPhone.ActiveCfg = Debug|iPhone
		{9739ED01-B4BE-4918-8AE5-A00E2E5D934F}.Debug|iPhone.Build.0 = Debug|iPhone
		{9739ED01-B4BE-4918-8AE5-A00E2E5D934F}.Debug|iPhoneSimulator.ActiveCfg = Debug|iPhoneSimulator
		{9739ED01-B4BE-4918-8AE5-A00E2E5D934F}.Debug|iPhoneSimulator.Build.0 = Debug|iPhoneSimulator
		{9739ED01-B4BE-4918-8AE5-A00E2E5D934F}.Release|Any CPU.ActiveCfg = Release|iPhone
		{9739ED01-B4BE-4918-8AE5-A00E2E5D934F}.Release|iPhone.ActiveCfg = Release|iPhone
		{9739ED01-B4BE-4918-8AE5-A00E2E5D934F}.Release|iPhone.Build.0 = Release|iPhone
		{9739ED01-B4BE-4918-8AE5-A00E2E5D934F}.Release|iPhoneSimulator.ActiveCfg = Release|iPhoneSimulator
		{9739ED01-B4BE-4918-8AE5-A00E2E5D934F}.Release|iPhoneSimulator.Build.0 = Release|iPhoneSimulator
	EndGlobalSection
	GlobalSection(SolutionProperties) = preSolution
		HideSolutionNode = FALSE
	EndGlobalSection
EndGlobal
