
Microsoft Visual Studio Solution File, Format Version 12.00
# Visual Studio 15
VisualStudioVersion = 15.0.26430.6
MinimumVisualStudioVersion = 10.0.40219.1
Project("{FAE04EC0-301F-11D3-BF4B-00C04F79EFBC}") = "Graficos.Android", "Graficos\Graficos.Android\Graficos.Android.csproj", "{50FF539B-3A82-4F2A-AE86-DF607C49F06D}"
EndProject
Project("{FAE04EC0-301F-11D3-BF4B-00C04F79EFBC}") = "Graficos", "Graficos\Graficos\Graficos.csproj", "{F8AC6D9E-AE1A-4207-B49D-FBA126462AE4}"
EndProject
Project("{FAE04EC0-301F-11D3-BF4B-00C04F79EFBC}") = "Graficos.iOS", "Graficos\Graficos.iOS\Graficos.iOS.csproj", "{EC4E3368-5A8E-4615-9737-445BDF659E70}"
EndProject
Global
	GlobalSection(SolutionConfigurationPlatforms) = preSolution
		Ad-Hoc|Any CPU = Ad-Hoc|Any CPU
		Ad-Hoc|iPhone = Ad-Hoc|iPhone
		Ad-Hoc|iPhoneSimulator = Ad-Hoc|iPhoneSimulator
		AppStore|Any CPU = AppStore|Any CPU
		AppStore|iPhone = AppStore|iPhone
		AppStore|iPhoneSimulator = AppStore|iPhoneSimulator
		Debug|Any CPU = Debug|Any CPU
		Debug|iPhone = Debug|iPhone
		Debug|iPhoneSimulator = Debug|iPhoneSimulator
		Release|Any CPU = Release|Any CPU
		Release|iPhone = Release|iPhone
		Release|iPhoneSimulator = Release|iPhoneSimulator
	EndGlobalSection
	GlobalSection(ProjectConfigurationPlatforms) = postSolution
		{50FF539B-3A82-4F2A-AE86-DF607C49F06D}.Ad-Hoc|Any CPU.ActiveCfg = Release|Any CPU
		{50FF539B-3A82-4F2A-AE86-DF607C49F06D}.Ad-Hoc|Any CPU.Build.0 = Release|Any CPU
		{50FF539B-3A82-4F2A-AE86-DF607C49F06D}.Ad-Hoc|Any CPU.Deploy.0 = Release|Any CPU
		{50FF539B-3A82-4F2A-AE86-DF607C49F06D}.Ad-Hoc|iPhone.ActiveCfg = Release|Any CPU
		{50FF539B-3A82-4F2A-AE86-DF607C49F06D}.Ad-Hoc|iPhone.Build.0 = Release|Any CPU
		{50FF539B-3A82-4F2A-AE86-DF607C49F06D}.Ad-Hoc|iPhone.Deploy.0 = Release|Any CPU
		{50FF539B-3A82-4F2A-AE86-DF607C49F06D}.Ad-Hoc|iPhoneSimulator.ActiveCfg = Release|Any CPU
		{50FF539B-3A82-4F2A-AE86-DF607C49F06D}.Ad-Hoc|iPhoneSimulator.Build.0 = Release|Any CPU
		{50FF539B-3A82-4F2A-AE86-DF607C49F06D}.Ad-Hoc|iPhoneSimulator.Deploy.0 = Release|Any CPU
		{50FF539B-3A82-4F2A-AE86-DF607C49F06D}.AppStore|Any CPU.ActiveCfg = Release|Any CPU
		{50FF539B-3A82-4F2A-AE86-DF607C49F06D}.AppStore|Any CPU.Build.0 = Release|Any CPU
		{50FF539B-3A82-4F2A-AE86-DF607C49F06D}.AppStore|Any CPU.Deploy.0 = Release|Any CPU
		{50FF539B-3A82-4F2A-AE86-DF607C49F06D}.AppStore|iPhone.ActiveCfg = Release|Any CPU
		{50FF539B-3A82-4F2A-AE86-DF607C49F06D}.AppStore|iPhone.Build.0 = Release|Any CPU
		{50FF539B-3A82-4F2A-AE86-DF607C49F06D}.AppStore|iPhone.Deploy.0 = Release|Any CPU
		{50FF539B-3A82-4F2A-AE86-DF607C49F06D}.AppStore|iPhoneSimulator.ActiveCfg = Release|Any CPU
		{50FF539B-3A82-4F2A-AE86-DF607C49F06D}.AppStore|iPhoneSimulator.Build.0 = Release|Any CPU
		{50FF539B-3A82-4F2A-AE86-DF607C49F06D}.AppStore|iPhoneSimulator.Deploy.0 = Release|Any CPU
		{50FF539B-3A82-4F2A-AE86-DF607C49F06D}.Debug|Any CPU.ActiveCfg = Debug|Any CPU
		{50FF539B-3A82-4F2A-AE86-DF607C49F06D}.Debug|Any CPU.Build.0 = Debug|Any CPU
		{50FF539B-3A82-4F2A-AE86-DF607C49F06D}.Debug|Any CPU.Deploy.0 = Debug|Any CPU
		{50FF539B-3A82-4F2A-AE86-DF607C49F06D}.Debug|iPhone.ActiveCfg = Debug|Any CPU
		{50FF539B-3A82-4F2A-AE86-DF607C49F06D}.Debug|iPhone.Build.0 = Debug|Any CPU
		{50FF539B-3A82-4F2A-AE86-DF607C49F06D}.Debug|iPhone.Deploy.0 = Debug|Any CPU
		{50FF539B-3A82-4F2A-AE86-DF607C49F06D}.Debug|iPhoneSimulator.ActiveCfg = Debug|Any CPU
		{50FF539B-3A82-4F2A-AE86-DF607C49F06D}.Debug|iPhoneSimulator.Build.0 = Debug|Any CPU
		{50FF539B-3A82-4F2A-AE86-DF607C49F06D}.Debug|iPhoneSimulator.Deploy.0 = Debug|Any CPU
		{50FF539B-3A82-4F2A-AE86-DF607C49F06D}.Release|Any CPU.ActiveCfg = Release|Any CPU
		{50FF539B-3A82-4F2A-AE86-DF607C49F06D}.Release|Any CPU.Build.0 = Release|Any CPU
		{50FF539B-3A82-4F2A-AE86-DF607C49F06D}.Release|Any CPU.Deploy.0 = Release|Any CPU
		{50FF539B-3A82-4F2A-AE86-DF607C49F06D}.Release|iPhone.ActiveCfg = Release|Any CPU
		{50FF539B-3A82-4F2A-AE86-DF607C49F06D}.Release|iPhone.Build.0 = Release|Any CPU
		{50FF539B-3A82-4F2A-AE86-DF607C49F06D}.Release|iPhone.Deploy.0 = Release|Any CPU
		{50FF539B-3A82-4F2A-AE86-DF607C49F06D}.Release|iPhoneSimulator.ActiveCfg = Release|Any CPU
		{50FF539B-3A82-4F2A-AE86-DF607C49F06D}.Release|iPhoneSimulator.Build.0 = Release|Any CPU
		{50FF539B-3A82-4F2A-AE86-DF607C49F06D}.Release|iPhoneSimulator.Deploy.0 = Release|Any CPU
		{F8AC6D9E-AE1A-4207-B49D-FBA126462AE4}.Ad-Hoc|Any CPU.ActiveCfg = Release|Any CPU
		{F8AC6D9E-AE1A-4207-B49D-FBA126462AE4}.Ad-Hoc|Any CPU.Build.0 = Release|Any CPU
		{F8AC6D9E-AE1A-4207-B49D-FBA126462AE4}.Ad-Hoc|iPhone.ActiveCfg = Release|Any CPU
		{F8AC6D9E-AE1A-4207-B49D-FBA126462AE4}.Ad-Hoc|iPhone.Build.0 = Release|Any CPU
		{F8AC6D9E-AE1A-4207-B49D-FBA126462AE4}.Ad-Hoc|iPhoneSimulator.ActiveCfg = Release|Any CPU
		{F8AC6D9E-AE1A-4207-B49D-FBA126462AE4}.Ad-Hoc|iPhoneSimulator.Build.0 = Release|Any CPU
		{F8AC6D9E-AE1A-4207-B49D-FBA126462AE4}.AppStore|Any CPU.ActiveCfg = Release|Any CPU
		{F8AC6D9E-AE1A-4207-B49D-FBA126462AE4}.AppStore|Any CPU.Build.0 = Release|Any CPU
		{F8AC6D9E-AE1A-4207-B49D-FBA126462AE4}.AppStore|iPhone.ActiveCfg = Release|Any CPU
		{F8AC6D9E-AE1A-4207-B49D-FBA126462AE4}.AppStore|iPhone.Build.0 = Release|Any CPU
		{F8AC6D9E-AE1A-4207-B49D-FBA126462AE4}.AppStore|iPhoneSimulator.ActiveCfg = Release|Any CPU
		{F8AC6D9E-AE1A-4207-B49D-FBA126462AE4}.AppStore|iPhoneSimulator.Build.0 = Release|Any CPU
		{F8AC6D9E-AE1A-4207-B49D-FBA126462AE4}.Debug|Any CPU.ActiveCfg = Debug|Any CPU
		{F8AC6D9E-AE1A-4207-B49D-FBA126462AE4}.Debug|Any CPU.Build.0 = Debug|Any CPU
		{F8AC6D9E-AE1A-4207-B49D-FBA126462AE4}.Debug|iPhone.ActiveCfg = Debug|Any CPU
		{F8AC6D9E-AE1A-4207-B49D-FBA126462AE4}.Debug|iPhone.Build.0 = Debug|Any CPU
		{F8AC6D9E-AE1A-4207-B49D-FBA126462AE4}.Debug|iPhoneSimulator.ActiveCfg = Debug|Any CPU
		{F8AC6D9E-AE1A-4207-B49D-FBA126462AE4}.Debug|iPhoneSimulator.Build.0 = Debug|Any CPU
		{F8AC6D9E-AE1A-4207-B49D-FBA126462AE4}.Release|Any CPU.ActiveCfg = Release|Any CPU
		{F8AC6D9E-AE1A-4207-B49D-FBA126462AE4}.Release|Any CPU.Build.0 = Release|Any CPU
		{F8AC6D9E-AE1A-4207-B49D-FBA126462AE4}.Release|iPhone.ActiveCfg = Release|Any CPU
		{F8AC6D9E-AE1A-4207-B49D-FBA126462AE4}.Release|iPhone.Build.0 = Release|Any CPU
		{F8AC6D9E-AE1A-4207-B49D-FBA126462AE4}.Release|iPhoneSimulator.ActiveCfg = Release|Any CPU
		{F8AC6D9E-AE1A-4207-B49D-FBA126462AE4}.Release|iPhoneSimulator.Build.0 = Release|Any CPU
		{EC4E3368-5A8E-4615-9737-445BDF659E70}.Ad-Hoc|Any CPU.ActiveCfg = Ad-Hoc|iPhone
		{EC4E3368-5A8E-4615-9737-445BDF659E70}.Ad-Hoc|iPhone.ActiveCfg = Ad-Hoc|iPhone
		{EC4E3368-5A8E-4615-9737-445BDF659E70}.Ad-Hoc|iPhone.Build.0 = Ad-Hoc|iPhone
		{EC4E3368-5A8E-4615-9737-445BDF659E70}.Ad-Hoc|iPhoneSimulator.ActiveCfg = Ad-Hoc|iPhoneSimulator
		{EC4E3368-5A8E-4615-9737-445BDF659E70}.Ad-Hoc|iPhoneSimulator.Build.0 = Ad-Hoc|iPhoneSimulator
		{EC4E3368-5A8E-4615-9737-445BDF659E70}.AppStore|Any CPU.ActiveCfg = AppStore|iPhone
		{EC4E3368-5A8E-4615-9737-445BDF659E70}.AppStore|iPhone.ActiveCfg = AppStore|iPhone
		{EC4E3368-5A8E-4615-9737-445BDF659E70}.AppStore|iPhone.Build.0 = AppStore|iPhone
		{EC4E3368-5A8E-4615-9737-445BDF659E70}.AppStore|iPhoneSimulator.ActiveCfg = AppStore|iPhoneSimulator
		{EC4E3368-5A8E-4615-9737-445BDF659E70}.AppStore|iPhoneSimulator.Build.0 = AppStore|iPhoneSimulator
		{EC4E3368-5A8E-4615-9737-445BDF659E70}.Debug|Any CPU.ActiveCfg = Debug|iPhone
		{EC4E3368-5A8E-4615-9737-445BDF659E70}.Debug|iPhone.ActiveCfg = Debug|iPhone
		{EC4E3368-5A8E-4615-9737-445BDF659E70}.Debug|iPhone.Build.0 = Debug|iPhone
		{EC4E3368-5A8E-4615-9737-445BDF659E70}.Debug|iPhoneSimulator.ActiveCfg = Debug|iPhoneSimulator
		{EC4E3368-5A8E-4615-9737-445BDF659E70}.Debug|iPhoneSimulator.Build.0 = Debug|iPhoneSimulator
		{EC4E3368-5A8E-4615-9737-445BDF659E70}.Release|Any CPU.ActiveCfg = Release|iPhone
		{EC4E3368-5A8E-4615-9737-445BDF659E70}.Release|iPhone.ActiveCfg = Release|iPhone
		{EC4E3368-5A8E-4615-9737-445BDF659E70}.Release|iPhone.Build.0 = Release|iPhone
		{EC4E3368-5A8E-4615-9737-445BDF659E70}.Release|iPhoneSimulator.ActiveCfg = Release|iPhoneSimulator
		{EC4E3368-5A8E-4615-9737-445BDF659E70}.Release|iPhoneSimulator.Build.0 = Release|iPhoneSimulator
	EndGlobalSection
	GlobalSection(SolutionProperties) = preSolution
		HideSolutionNode = FALSE
	EndGlobalSection
EndGlobal
